// !$*UTF8*$!
{
	archiveVersion = 1;
	classes = {
	};
	objectVersion = 55;
	objects = {

/* Begin PBXBuildFile section */
		7708F2C08C3320D4EFB242A0 /* Pods_PeliculasTests.framework in Frameworks */ = {isa = PBXBuildFile; fileRef = 133C9A3DA18F1DADD958E54A /* Pods_PeliculasTests.framework */; };
		8EE2492B66E9F26D82B2614E /* Pods_Peliculas.framework in Frameworks */ = {isa = PBXBuildFile; fileRef = 9B212D770B5C27C702FCFE7C /* Pods_Peliculas.framework */; };
		96BAA4664A382214D003BE38 /* Pods_Peliculas_PeliculasUITests.framework in Frameworks */ = {isa = PBXBuildFile; fileRef = 49F8E2B0FF9D7C18207A60D1 /* Pods_Peliculas_PeliculasUITests.framework */; };
		B139225627791D3F00B14C3A /* AppDelegate.swift in Sources */ = {isa = PBXBuildFile; fileRef = B139225527791D3F00B14C3A /* AppDelegate.swift */; };
		B139225F27791D3F00B14C3A /* Assets.xcassets in Resources */ = {isa = PBXBuildFile; fileRef = B139225E27791D3F00B14C3A /* Assets.xcassets */; };
		B139226227791D3F00B14C3A /* LaunchScreen.storyboard in Resources */ = {isa = PBXBuildFile; fileRef = B139226027791D3F00B14C3A /* LaunchScreen.storyboard */; };
		B139226D27791D3F00B14C3A /* PeliculasTests.swift in Sources */ = {isa = PBXBuildFile; fileRef = B139226C27791D3F00B14C3A /* PeliculasTests.swift */; };
		B139227727791D3F00B14C3A /* PeliculasUITests.swift in Sources */ = {isa = PBXBuildFile; fileRef = B139227627791D3F00B14C3A /* PeliculasUITests.swift */; };
		B139227927791D3F00B14C3A /* PeliculasUITestsLaunchTests.swift in Sources */ = {isa = PBXBuildFile; fileRef = B139227827791D3F00B14C3A /* PeliculasUITestsLaunchTests.swift */; };
		B139229227791ECA00B14C3A /* MoviesListExternalDM.swift in Sources */ = {isa = PBXBuildFile; fileRef = B139229127791ECA00B14C3A /* MoviesListExternalDM.swift */; };
		B139229427791F2600B14C3A /* MoviesListLocalDM.swift in Sources */ = {isa = PBXBuildFile; fileRef = B139229327791F2600B14C3A /* MoviesListLocalDM.swift */; };
		B139229627791F8800B14C3A /* MoviesListWireframe.swift in Sources */ = {isa = PBXBuildFile; fileRef = B139229527791F8800B14C3A /* MoviesListWireframe.swift */; };
		B139229827791FE700B14C3A /* MoviesListPresenter.swift in Sources */ = {isa = PBXBuildFile; fileRef = B139229727791FE700B14C3A /* MoviesListPresenter.swift */; };
		B139229A2779208400B14C3A /* MoviesListInteractor.swift in Sources */ = {isa = PBXBuildFile; fileRef = B13922992779208400B14C3A /* MoviesListInteractor.swift */; };
		B139229C2779218100B14C3A /* MoviesListInterfaces.swift in Sources */ = {isa = PBXBuildFile; fileRef = B139229B2779218100B14C3A /* MoviesListInterfaces.swift */; };
		B139229F2779227C00B14C3A /* MoviesListViewController.swift in Sources */ = {isa = PBXBuildFile; fileRef = B139229D2779227C00B14C3A /* MoviesListViewController.swift */; };
		B13922A02779227C00B14C3A /* MoviesListViewController.xib in Resources */ = {isa = PBXBuildFile; fileRef = B139229E2779227C00B14C3A /* MoviesListViewController.xib */; };
		B13922A2277922D200B14C3A /* MoviesListRouter.swift in Sources */ = {isa = PBXBuildFile; fileRef = B13922A1277922D200B14C3A /* MoviesListRouter.swift */; };
		B13922A72779239900B14C3A /* BaseViewController.swift in Sources */ = {isa = PBXBuildFile; fileRef = B13922A62779239900B14C3A /* BaseViewController.swift */; };
		B13922A9277923B600B14C3A /* RouterInterface.swift in Sources */ = {isa = PBXBuildFile; fileRef = B13922A8277923B600B14C3A /* RouterInterface.swift */; };
		B13922AC2779253400B14C3A /* ServiceError.swift in Sources */ = {isa = PBXBuildFile; fileRef = B13922AB2779253400B14C3A /* ServiceError.swift */; };
		B13922B2277988E600B14C3A /* SplashLocalDM.swift in Sources */ = {isa = PBXBuildFile; fileRef = B13922B1277988E600B14C3A /* SplashLocalDM.swift */; };
		B13922B4277988F500B14C3A /* SplashExternalDM.swift in Sources */ = {isa = PBXBuildFile; fileRef = B13922B3277988F500B14C3A /* SplashExternalDM.swift */; };
		B13922B72779897200B14C3A /* SplashInterfaces.swift in Sources */ = {isa = PBXBuildFile; fileRef = B13922B62779897200B14C3A /* SplashInterfaces.swift */; };
		B13922BA277989CD00B14C3A /* SplashWireframe.swift in Sources */ = {isa = PBXBuildFile; fileRef = B13922B9277989CD00B14C3A /* SplashWireframe.swift */; };
		B13922BD27798A0700B14C3A /* SplashRouter.swift in Sources */ = {isa = PBXBuildFile; fileRef = B13922BC27798A0700B14C3A /* SplashRouter.swift */; };
		B13922C027798AD100B14C3A /* SplashInteractor.swift in Sources */ = {isa = PBXBuildFile; fileRef = B13922BF27798AD100B14C3A /* SplashInteractor.swift */; };
		B13922C327798B5700B14C3A /* SplashPresenter.swift in Sources */ = {isa = PBXBuildFile; fileRef = B13922C227798B5700B14C3A /* SplashPresenter.swift */; };
		B13922C927798BB300B14C3A /* SplashViewController.swift in Sources */ = {isa = PBXBuildFile; fileRef = B13922C727798BB300B14C3A /* SplashViewController.swift */; };
		B13922CA27798BB300B14C3A /* SplashViewController.xib in Resources */ = {isa = PBXBuildFile; fileRef = B13922C827798BB300B14C3A /* SplashViewController.xib */; };
		B13922CD2779950900B14C3A /* SplashConstants.swift in Sources */ = {isa = PBXBuildFile; fileRef = B13922CC2779950900B14C3A /* SplashConstants.swift */; };
/* End PBXBuildFile section */

/* Begin PBXContainerItemProxy section */
		B139226927791D3F00B14C3A /* PBXContainerItemProxy */ = {
			isa = PBXContainerItemProxy;
			containerPortal = B139224A27791D3E00B14C3A /* Project object */;
			proxyType = 1;
			remoteGlobalIDString = B139225127791D3F00B14C3A;
			remoteInfo = Peliculas;
		};
		B139227327791D3F00B14C3A /* PBXContainerItemProxy */ = {
			isa = PBXContainerItemProxy;
			containerPortal = B139224A27791D3E00B14C3A /* Project object */;
			proxyType = 1;
			remoteGlobalIDString = B139225127791D3F00B14C3A;
			remoteInfo = Peliculas;
		};
/* End PBXContainerItemProxy section */

/* Begin PBXFileReference section */
		133C9A3DA18F1DADD958E54A /* Pods_PeliculasTests.framework */ = {isa = PBXFileReference; explicitFileType = wrapper.framework; includeInIndex = 0; path = Pods_PeliculasTests.framework; sourceTree = BUILT_PRODUCTS_DIR; };
		3BF39780BD364C714B757A59 /* Pods-Peliculas-PeliculasUITests.release.xcconfig */ = {isa = PBXFileReference; includeInIndex = 1; lastKnownFileType = text.xcconfig; name = "Pods-Peliculas-PeliculasUITests.release.xcconfig"; path = "Target Support Files/Pods-Peliculas-PeliculasUITests/Pods-Peliculas-PeliculasUITests.release.xcconfig"; sourceTree = "<group>"; };
		49F8E2B0FF9D7C18207A60D1 /* Pods_Peliculas_PeliculasUITests.framework */ = {isa = PBXFileReference; explicitFileType = wrapper.framework; includeInIndex = 0; path = Pods_Peliculas_PeliculasUITests.framework; sourceTree = BUILT_PRODUCTS_DIR; };
		57A30832B9C3DD7D1964BBA1 /* Pods-Peliculas.debug.xcconfig */ = {isa = PBXFileReference; includeInIndex = 1; lastKnownFileType = text.xcconfig; name = "Pods-Peliculas.debug.xcconfig"; path = "Target Support Files/Pods-Peliculas/Pods-Peliculas.debug.xcconfig"; sourceTree = "<group>"; };
		5B3233649C395C5041C429F8 /* Pods-Peliculas-PeliculasUITests.debug.xcconfig */ = {isa = PBXFileReference; includeInIndex = 1; lastKnownFileType = text.xcconfig; name = "Pods-Peliculas-PeliculasUITests.debug.xcconfig"; path = "Target Support Files/Pods-Peliculas-PeliculasUITests/Pods-Peliculas-PeliculasUITests.debug.xcconfig"; sourceTree = "<group>"; };
		8C91BF9C59E29A6963209B89 /* Pods-PeliculasTests.release.xcconfig */ = {isa = PBXFileReference; includeInIndex = 1; lastKnownFileType = text.xcconfig; name = "Pods-PeliculasTests.release.xcconfig"; path = "Target Support Files/Pods-PeliculasTests/Pods-PeliculasTests.release.xcconfig"; sourceTree = "<group>"; };
		9B212D770B5C27C702FCFE7C /* Pods_Peliculas.framework */ = {isa = PBXFileReference; explicitFileType = wrapper.framework; includeInIndex = 0; path = Pods_Peliculas.framework; sourceTree = BUILT_PRODUCTS_DIR; };
		A0CAE9E59EAC57E39979B910 /* Pods-PeliculasTests.debug.xcconfig */ = {isa = PBXFileReference; includeInIndex = 1; lastKnownFileType = text.xcconfig; name = "Pods-PeliculasTests.debug.xcconfig"; path = "Target Support Files/Pods-PeliculasTests/Pods-PeliculasTests.debug.xcconfig"; sourceTree = "<group>"; };
		ABCF444F38C97575852B8286 /* Pods-Peliculas.release.xcconfig */ = {isa = PBXFileReference; includeInIndex = 1; lastKnownFileType = text.xcconfig; name = "Pods-Peliculas.release.xcconfig"; path = "Target Support Files/Pods-Peliculas/Pods-Peliculas.release.xcconfig"; sourceTree = "<group>"; };
		B139225227791D3F00B14C3A /* Peliculas.app */ = {isa = PBXFileReference; explicitFileType = wrapper.application; includeInIndex = 0; path = Peliculas.app; sourceTree = BUILT_PRODUCTS_DIR; };
		B139225527791D3F00B14C3A /* AppDelegate.swift */ = {isa = PBXFileReference; lastKnownFileType = sourcecode.swift; path = AppDelegate.swift; sourceTree = "<group>"; };
		B139225E27791D3F00B14C3A /* Assets.xcassets */ = {isa = PBXFileReference; lastKnownFileType = folder.assetcatalog; path = Assets.xcassets; sourceTree = "<group>"; };
		B139226127791D3F00B14C3A /* Base */ = {isa = PBXFileReference; lastKnownFileType = file.storyboard; name = Base; path = Base.lproj/LaunchScreen.storyboard; sourceTree = "<group>"; };
		B139226327791D3F00B14C3A /* Info.plist */ = {isa = PBXFileReference; lastKnownFileType = text.plist.xml; path = Info.plist; sourceTree = "<group>"; };
		B139226827791D3F00B14C3A /* PeliculasTests.xctest */ = {isa = PBXFileReference; explicitFileType = wrapper.cfbundle; includeInIndex = 0; path = PeliculasTests.xctest; sourceTree = BUILT_PRODUCTS_DIR; };
		B139226C27791D3F00B14C3A /* PeliculasTests.swift */ = {isa = PBXFileReference; lastKnownFileType = sourcecode.swift; path = PeliculasTests.swift; sourceTree = "<group>"; };
		B139227227791D3F00B14C3A /* PeliculasUITests.xctest */ = {isa = PBXFileReference; explicitFileType = wrapper.cfbundle; includeInIndex = 0; path = PeliculasUITests.xctest; sourceTree = BUILT_PRODUCTS_DIR; };
		B139227627791D3F00B14C3A /* PeliculasUITests.swift */ = {isa = PBXFileReference; lastKnownFileType = sourcecode.swift; path = PeliculasUITests.swift; sourceTree = "<group>"; };
		B139227827791D3F00B14C3A /* PeliculasUITestsLaunchTests.swift */ = {isa = PBXFileReference; lastKnownFileType = sourcecode.swift; path = PeliculasUITestsLaunchTests.swift; sourceTree = "<group>"; };
		B139229127791ECA00B14C3A /* MoviesListExternalDM.swift */ = {isa = PBXFileReference; lastKnownFileType = sourcecode.swift; path = MoviesListExternalDM.swift; sourceTree = "<group>"; };
		B139229327791F2600B14C3A /* MoviesListLocalDM.swift */ = {isa = PBXFileReference; lastKnownFileType = sourcecode.swift; path = MoviesListLocalDM.swift; sourceTree = "<group>"; };
		B139229527791F8800B14C3A /* MoviesListWireframe.swift */ = {isa = PBXFileReference; lastKnownFileType = sourcecode.swift; path = MoviesListWireframe.swift; sourceTree = "<group>"; };
		B139229727791FE700B14C3A /* MoviesListPresenter.swift */ = {isa = PBXFileReference; lastKnownFileType = sourcecode.swift; path = MoviesListPresenter.swift; sourceTree = "<group>"; };
		B13922992779208400B14C3A /* MoviesListInteractor.swift */ = {isa = PBXFileReference; lastKnownFileType = sourcecode.swift; path = MoviesListInteractor.swift; sourceTree = "<group>"; };
		B139229B2779218100B14C3A /* MoviesListInterfaces.swift */ = {isa = PBXFileReference; lastKnownFileType = sourcecode.swift; path = MoviesListInterfaces.swift; sourceTree = "<group>"; };
		B139229D2779227C00B14C3A /* MoviesListViewController.swift */ = {isa = PBXFileReference; lastKnownFileType = sourcecode.swift; path = MoviesListViewController.swift; sourceTree = "<group>"; };
		B139229E2779227C00B14C3A /* MoviesListViewController.xib */ = {isa = PBXFileReference; lastKnownFileType = file.xib; path = MoviesListViewController.xib; sourceTree = "<group>"; };
		B13922A1277922D200B14C3A /* MoviesListRouter.swift */ = {isa = PBXFileReference; lastKnownFileType = sourcecode.swift; path = MoviesListRouter.swift; sourceTree = "<group>"; };
		B13922A62779239900B14C3A /* BaseViewController.swift */ = {isa = PBXFileReference; lastKnownFileType = sourcecode.swift; path = BaseViewController.swift; sourceTree = "<group>"; };
		B13922A8277923B600B14C3A /* RouterInterface.swift */ = {isa = PBXFileReference; lastKnownFileType = sourcecode.swift; path = RouterInterface.swift; sourceTree = "<group>"; };
		B13922AB2779253400B14C3A /* ServiceError.swift */ = {isa = PBXFileReference; lastKnownFileType = sourcecode.swift; path = ServiceError.swift; sourceTree = "<group>"; };
		B13922B1277988E600B14C3A /* SplashLocalDM.swift */ = {isa = PBXFileReference; lastKnownFileType = sourcecode.swift; path = SplashLocalDM.swift; sourceTree = "<group>"; };
		B13922B3277988F500B14C3A /* SplashExternalDM.swift */ = {isa = PBXFileReference; lastKnownFileType = sourcecode.swift; path = SplashExternalDM.swift; sourceTree = "<group>"; };
		B13922B62779897200B14C3A /* SplashInterfaces.swift */ = {isa = PBXFileReference; lastKnownFileType = sourcecode.swift; path = SplashInterfaces.swift; sourceTree = "<group>"; };
		B13922B9277989CD00B14C3A /* SplashWireframe.swift */ = {isa = PBXFileReference; lastKnownFileType = sourcecode.swift; path = SplashWireframe.swift; sourceTree = "<group>"; };
		B13922BC27798A0700B14C3A /* SplashRouter.swift */ = {isa = PBXFileReference; lastKnownFileType = sourcecode.swift; path = SplashRouter.swift; sourceTree = "<group>"; };
		B13922BF27798AD100B14C3A /* SplashInteractor.swift */ = {isa = PBXFileReference; lastKnownFileType = sourcecode.swift; path = SplashInteractor.swift; sourceTree = "<group>"; };
		B13922C227798B5700B14C3A /* SplashPresenter.swift */ = {isa = PBXFileReference; lastKnownFileType = sourcecode.swift; path = SplashPresenter.swift; sourceTree = "<group>"; };
		B13922C727798BB300B14C3A /* SplashViewController.swift */ = {isa = PBXFileReference; lastKnownFileType = sourcecode.swift; path = SplashViewController.swift; sourceTree = "<group>"; };
		B13922C827798BB300B14C3A /* SplashViewController.xib */ = {isa = PBXFileReference; lastKnownFileType = file.xib; path = SplashViewController.xib; sourceTree = "<group>"; };
		B13922CC2779950900B14C3A /* SplashConstants.swift */ = {isa = PBXFileReference; lastKnownFileType = sourcecode.swift; path = SplashConstants.swift; sourceTree = "<group>"; };
/* End PBXFileReference section */

/* Begin PBXFrameworksBuildPhase section */
		B139224F27791D3F00B14C3A /* Frameworks */ = {
			isa = PBXFrameworksBuildPhase;
			buildActionMask = 2147483647;
			files = (
				8EE2492B66E9F26D82B2614E /* Pods_Peliculas.framework in Frameworks */,
			);
			runOnlyForDeploymentPostprocessing = 0;
		};
		B139226527791D3F00B14C3A /* Frameworks */ = {
			isa = PBXFrameworksBuildPhase;
			buildActionMask = 2147483647;
			files = (
				7708F2C08C3320D4EFB242A0 /* Pods_PeliculasTests.framework in Frameworks */,
			);
			runOnlyForDeploymentPostprocessing = 0;
		};
		B139226F27791D3F00B14C3A /* Frameworks */ = {
			isa = PBXFrameworksBuildPhase;
			buildActionMask = 2147483647;
			files = (
				96BAA4664A382214D003BE38 /* Pods_Peliculas_PeliculasUITests.framework in Frameworks */,
			);
			runOnlyForDeploymentPostprocessing = 0;
		};
/* End PBXFrameworksBuildPhase section */

/* Begin PBXGroup section */
		1B797EE508E7DAE253BC4725 /* Frameworks */ = {
			isa = PBXGroup;
			children = (
				9B212D770B5C27C702FCFE7C /* Pods_Peliculas.framework */,
				49F8E2B0FF9D7C18207A60D1 /* Pods_Peliculas_PeliculasUITests.framework */,
				133C9A3DA18F1DADD958E54A /* Pods_PeliculasTests.framework */,
			);
			name = Frameworks;
			sourceTree = "<group>";
		};
		8FB85DA726707E0A383B5CEE /* Pods */ = {
			isa = PBXGroup;
			children = (
				57A30832B9C3DD7D1964BBA1 /* Pods-Peliculas.debug.xcconfig */,
				ABCF444F38C97575852B8286 /* Pods-Peliculas.release.xcconfig */,
				5B3233649C395C5041C429F8 /* Pods-Peliculas-PeliculasUITests.debug.xcconfig */,
				3BF39780BD364C714B757A59 /* Pods-Peliculas-PeliculasUITests.release.xcconfig */,
				A0CAE9E59EAC57E39979B910 /* Pods-PeliculasTests.debug.xcconfig */,
				8C91BF9C59E29A6963209B89 /* Pods-PeliculasTests.release.xcconfig */,
			);
			path = Pods;
			sourceTree = "<group>";
		};
		B139224927791D3E00B14C3A = {
			isa = PBXGroup;
			children = (
				B139225427791D3F00B14C3A /* Peliculas */,
				B139226B27791D3F00B14C3A /* PeliculasTests */,
				B139227527791D3F00B14C3A /* PeliculasUITests */,
				B139225327791D3F00B14C3A /* Products */,
				8FB85DA726707E0A383B5CEE /* Pods */,
				1B797EE508E7DAE253BC4725 /* Frameworks */,
			);
			sourceTree = "<group>";
		};
		B139225327791D3F00B14C3A /* Products */ = {
			isa = PBXGroup;
			children = (
				B139225227791D3F00B14C3A /* Peliculas.app */,
				B139226827791D3F00B14C3A /* PeliculasTests.xctest */,
				B139227227791D3F00B14C3A /* PeliculasUITests.xctest */,
			);
			name = Products;
			sourceTree = "<group>";
		};
		B139225427791D3F00B14C3A /* Peliculas */ = {
			isa = PBXGroup;
			children = (
				B139228527791D8C00B14C3A /* Views */,
				B13922A32779234D00B14C3A /* Commons */,
				B13922AA2779251300B14C3A /* WebServices */,
				B139225527791D3F00B14C3A /* AppDelegate.swift */,
				B139226027791D3F00B14C3A /* LaunchScreen.storyboard */,
				B139225E27791D3F00B14C3A /* Assets.xcassets */,
				B139226327791D3F00B14C3A /* Info.plist */,
			);
			path = Peliculas;
			sourceTree = "<group>";
		};
		B139226B27791D3F00B14C3A /* PeliculasTests */ = {
			isa = PBXGroup;
			children = (
				B139226C27791D3F00B14C3A /* PeliculasTests.swift */,
			);
			path = PeliculasTests;
			sourceTree = "<group>";
		};
		B139227527791D3F00B14C3A /* PeliculasUITests */ = {
			isa = PBXGroup;
			children = (
				B139227627791D3F00B14C3A /* PeliculasUITests.swift */,
				B139227827791D3F00B14C3A /* PeliculasUITestsLaunchTests.swift */,
			);
			path = PeliculasUITests;
			sourceTree = "<group>";
		};
		B139228527791D8C00B14C3A /* Views */ = {
			isa = PBXGroup;
			children = (
				B13922AD2779888200B14C3A /* Splash */,
				B139228627791DCE00B14C3A /* MoviesList */,
			);
			path = Views;
			sourceTree = "<group>";
		};
		B139228627791DCE00B14C3A /* MoviesList */ = {
			isa = PBXGroup;
			children = (
				B139228827791E2600B14C3A /* DataManagers */,
				B139228927791E3000B14C3A /* Wireframe */,
				B139228A27791E3600B14C3A /* Presenter */,
				B139228B27791E3C00B14C3A /* Interactor */,
				B139228D27791E4800B14C3A /* Interfaces */,
				B139228E27791E5100B14C3A /* ViewController */,
				B139228C27791E4300B14C3A /* Router */,
			);
			path = MoviesList;
			sourceTree = "<group>";
		};
		B139228827791E2600B14C3A /* DataManagers */ = {
			isa = PBXGroup;
			children = (
				B139229027791E9900B14C3A /* Local */,
				B139228F27791E8900B14C3A /* External */,
			);
			path = DataManagers;
			sourceTree = "<group>";
		};
		B139228927791E3000B14C3A /* Wireframe */ = {
			isa = PBXGroup;
			children = (
				B139229527791F8800B14C3A /* MoviesListWireframe.swift */,
			);
			path = Wireframe;
			sourceTree = "<group>";
		};
		B139228A27791E3600B14C3A /* Presenter */ = {
			isa = PBXGroup;
			children = (
				B139229727791FE700B14C3A /* MoviesListPresenter.swift */,
			);
			path = Presenter;
			sourceTree = "<group>";
		};
		B139228B27791E3C00B14C3A /* Interactor */ = {
			isa = PBXGroup;
			children = (
				B13922992779208400B14C3A /* MoviesListInteractor.swift */,
			);
			path = Interactor;
			sourceTree = "<group>";
		};
		B139228C27791E4300B14C3A /* Router */ = {
			isa = PBXGroup;
			children = (
				B13922A1277922D200B14C3A /* MoviesListRouter.swift */,
			);
			path = Router;
			sourceTree = "<group>";
		};
		B139228D27791E4800B14C3A /* Interfaces */ = {
			isa = PBXGroup;
			children = (
				B139229B2779218100B14C3A /* MoviesListInterfaces.swift */,
			);
			path = Interfaces;
			sourceTree = "<group>";
		};
		B139228E27791E5100B14C3A /* ViewController */ = {
			isa = PBXGroup;
			children = (
				B139229D2779227C00B14C3A /* MoviesListViewController.swift */,
				B139229E2779227C00B14C3A /* MoviesListViewController.xib */,
			);
			path = ViewController;
			sourceTree = "<group>";
		};
		B139228F27791E8900B14C3A /* External */ = {
			isa = PBXGroup;
			children = (
				B139229127791ECA00B14C3A /* MoviesListExternalDM.swift */,
			);
			path = External;
			sourceTree = "<group>";
		};
		B139229027791E9900B14C3A /* Local */ = {
			isa = PBXGroup;
			children = (
				B139229327791F2600B14C3A /* MoviesListLocalDM.swift */,
			);
			path = Local;
			sourceTree = "<group>";
		};
		B13922A32779234D00B14C3A /* Commons */ = {
			isa = PBXGroup;
			children = (
				B13922A52779238100B14C3A /* VIPER */,
				B13922A42779237700B14C3A /* Utils */,
			);
			path = Commons;
			sourceTree = "<group>";
		};
		B13922A42779237700B14C3A /* Utils */ = {
			isa = PBXGroup;
			children = (
			);
			path = Utils;
			sourceTree = "<group>";
		};
		B13922A52779238100B14C3A /* VIPER */ = {
			isa = PBXGroup;
			children = (
				B13922A62779239900B14C3A /* BaseViewController.swift */,
				B13922A8277923B600B14C3A /* RouterInterface.swift */,
			);
			path = VIPER;
			sourceTree = "<group>";
		};
		B13922AA2779251300B14C3A /* WebServices */ = {
			isa = PBXGroup;
			children = (
				B13922AB2779253400B14C3A /* ServiceError.swift */,
			);
			path = WebServices;
			sourceTree = "<group>";
		};
		B13922AD2779888200B14C3A /* Splash */ = {
			isa = PBXGroup;
			children = (
				B13922CB277994F600B14C3A /* Constants */,
				B13922C427798B8000B14C3A /* ViewController */,
				B13922C127798B4B00B14C3A /* Presenter */,
				B13922BE27798AC000B14C3A /* Interactor */,
				B13922BB277989F900B14C3A /* Router */,
				B13922B8277989BE00B14C3A /* Wireframe */,
				B13922B52779896100B14C3A /* Interfaces */,
				B13922AE277988BA00B14C3A /* DataManagers */,
			);
			path = Splash;
			sourceTree = "<group>";
		};
		B13922AE277988BA00B14C3A /* DataManagers */ = {
			isa = PBXGroup;
			children = (
				B13922B0277988CC00B14C3A /* External */,
				B13922AF277988C300B14C3A /* Local */,
			);
			path = DataManagers;
			sourceTree = "<group>";
		};
		B13922AF277988C300B14C3A /* Local */ = {
			isa = PBXGroup;
			children = (
				B13922B1277988E600B14C3A /* SplashLocalDM.swift */,
			);
			path = Local;
			sourceTree = "<group>";
		};
		B13922B0277988CC00B14C3A /* External */ = {
			isa = PBXGroup;
			children = (
				B13922B3277988F500B14C3A /* SplashExternalDM.swift */,
			);
			path = External;
			sourceTree = "<group>";
		};
		B13922B52779896100B14C3A /* Interfaces */ = {
			isa = PBXGroup;
			children = (
				B13922B62779897200B14C3A /* SplashInterfaces.swift */,
			);
			path = Interfaces;
			sourceTree = "<group>";
		};
		B13922B8277989BE00B14C3A /* Wireframe */ = {
			isa = PBXGroup;
			children = (
				B13922B9277989CD00B14C3A /* SplashWireframe.swift */,
			);
			path = Wireframe;
			sourceTree = "<group>";
		};
		B13922BB277989F900B14C3A /* Router */ = {
			isa = PBXGroup;
			children = (
				B13922BC27798A0700B14C3A /* SplashRouter.swift */,
			);
			path = Router;
			sourceTree = "<group>";
		};
		B13922BE27798AC000B14C3A /* Interactor */ = {
			isa = PBXGroup;
			children = (
				B13922BF27798AD100B14C3A /* SplashInteractor.swift */,
			);
			path = Interactor;
			sourceTree = "<group>";
		};
		B13922C127798B4B00B14C3A /* Presenter */ = {
			isa = PBXGroup;
			children = (
				B13922C227798B5700B14C3A /* SplashPresenter.swift */,
			);
			path = Presenter;
			sourceTree = "<group>";
		};
		B13922C427798B8000B14C3A /* ViewController */ = {
			isa = PBXGroup;
			children = (
				B13922C727798BB300B14C3A /* SplashViewController.swift */,
				B13922C827798BB300B14C3A /* SplashViewController.xib */,
			);
			path = ViewController;
			sourceTree = "<group>";
		};
		B13922CB277994F600B14C3A /* Constants */ = {
			isa = PBXGroup;
			children = (
				B13922CC2779950900B14C3A /* SplashConstants.swift */,
			);
			path = Constants;
			sourceTree = "<group>";
		};
/* End PBXGroup section */

/* Begin PBXNativeTarget section */
		B139225127791D3F00B14C3A /* Peliculas */ = {
			isa = PBXNativeTarget;
			buildConfigurationList = B139227C27791D3F00B14C3A /* Build configuration list for PBXNativeTarget "Peliculas" */;
			buildPhases = (
				22EC84B811F5BF7D3968089E /* [CP] Check Pods Manifest.lock */,
				B139224E27791D3F00B14C3A /* Sources */,
				B139224F27791D3F00B14C3A /* Frameworks */,
				B139225027791D3F00B14C3A /* Resources */,
				011A91848FD1354B355A8AA5 /* [CP] Embed Pods Frameworks */,
			);
			buildRules = (
			);
			dependencies = (
			);
			name = Peliculas;
			productName = Peliculas;
			productReference = B139225227791D3F00B14C3A /* Peliculas.app */;
			productType = "com.apple.product-type.application";
		};
		B139226727791D3F00B14C3A /* PeliculasTests */ = {
			isa = PBXNativeTarget;
			buildConfigurationList = B139227F27791D3F00B14C3A /* Build configuration list for PBXNativeTarget "PeliculasTests" */;
			buildPhases = (
				E07D49B50B7F5051B3FED641 /* [CP] Check Pods Manifest.lock */,
				B139226427791D3F00B14C3A /* Sources */,
				B139226527791D3F00B14C3A /* Frameworks */,
				B139226627791D3F00B14C3A /* Resources */,
			);
			buildRules = (
			);
			dependencies = (
				B139226A27791D3F00B14C3A /* PBXTargetDependency */,
			);
			name = PeliculasTests;
			productName = PeliculasTests;
			productReference = B139226827791D3F00B14C3A /* PeliculasTests.xctest */;
			productType = "com.apple.product-type.bundle.unit-test";
		};
		B139227127791D3F00B14C3A /* PeliculasUITests */ = {
			isa = PBXNativeTarget;
			buildConfigurationList = B139228227791D3F00B14C3A /* Build configuration list for PBXNativeTarget "PeliculasUITests" */;
			buildPhases = (
				2F164665CE9B96D3B7A4B6FF /* [CP] Check Pods Manifest.lock */,
				B139226E27791D3F00B14C3A /* Sources */,
				B139226F27791D3F00B14C3A /* Frameworks */,
				B139227027791D3F00B14C3A /* Resources */,
				4094B301004106557A7A2B26 /* [CP] Embed Pods Frameworks */,
			);
			buildRules = (
			);
			dependencies = (
				B139227427791D3F00B14C3A /* PBXTargetDependency */,
			);
			name = PeliculasUITests;
			productName = PeliculasUITests;
			productReference = B139227227791D3F00B14C3A /* PeliculasUITests.xctest */;
			productType = "com.apple.product-type.bundle.ui-testing";
		};
/* End PBXNativeTarget section */

/* Begin PBXProject section */
		B139224A27791D3E00B14C3A /* Project object */ = {
			isa = PBXProject;
			attributes = {
				BuildIndependentTargetsInParallel = 1;
				LastSwiftUpdateCheck = 1320;
				LastUpgradeCheck = 1320;
				TargetAttributes = {
					B139225127791D3F00B14C3A = {
						CreatedOnToolsVersion = 13.2.1;
					};
					B139226727791D3F00B14C3A = {
						CreatedOnToolsVersion = 13.2.1;
						TestTargetID = B139225127791D3F00B14C3A;
					};
					B139227127791D3F00B14C3A = {
						CreatedOnToolsVersion = 13.2.1;
						TestTargetID = B139225127791D3F00B14C3A;
					};
				};
			};
			buildConfigurationList = B139224D27791D3E00B14C3A /* Build configuration list for PBXProject "Peliculas" */;
			compatibilityVersion = "Xcode 13.0";
			developmentRegion = en;
			hasScannedForEncodings = 0;
			knownRegions = (
				en,
				Base,
			);
			mainGroup = B139224927791D3E00B14C3A;
			productRefGroup = B139225327791D3F00B14C3A /* Products */;
			projectDirPath = "";
			projectRoot = "";
			targets = (
				B139225127791D3F00B14C3A /* Peliculas */,
				B139226727791D3F00B14C3A /* PeliculasTests */,
				B139227127791D3F00B14C3A /* PeliculasUITests */,
			);
		};
/* End PBXProject section */

/* Begin PBXResourcesBuildPhase section */
		B139225027791D3F00B14C3A /* Resources */ = {
			isa = PBXResourcesBuildPhase;
			buildActionMask = 2147483647;
			files = (
				B139226227791D3F00B14C3A /* LaunchScreen.storyboard in Resources */,
				B139225F27791D3F00B14C3A /* Assets.xcassets in Resources */,
				B13922A02779227C00B14C3A /* MoviesListViewController.xib in Resources */,
				B13922CA27798BB300B14C3A /* SplashViewController.xib in Resources */,
			);
			runOnlyForDeploymentPostprocessing = 0;
		};
		B139226627791D3F00B14C3A /* Resources */ = {
			isa = PBXResourcesBuildPhase;
			buildActionMask = 2147483647;
			files = (
			);
			runOnlyForDeploymentPostprocessing = 0;
		};
		B139227027791D3F00B14C3A /* Resources */ = {
			isa = PBXResourcesBuildPhase;
			buildActionMask = 2147483647;
			files = (
			);
			runOnlyForDeploymentPostprocessing = 0;
		};
/* End PBXResourcesBuildPhase section */

/* Begin PBXShellScriptBuildPhase section */
		011A91848FD1354B355A8AA5 /* [CP] Embed Pods Frameworks */ = {
			isa = PBXShellScriptBuildPhase;
			buildActionMask = 2147483647;
			files = (
			);
			inputFileListPaths = (
				"${PODS_ROOT}/Target Support Files/Pods-Peliculas/Pods-Peliculas-frameworks-${CONFIGURATION}-input-files.xcfilelist",
			);
			name = "[CP] Embed Pods Frameworks";
			outputFileListPaths = (
				"${PODS_ROOT}/Target Support Files/Pods-Peliculas/Pods-Peliculas-frameworks-${CONFIGURATION}-output-files.xcfilelist",
			);
			runOnlyForDeploymentPostprocessing = 0;
			shellPath = /bin/sh;
			shellScript = "\"${PODS_ROOT}/Target Support Files/Pods-Peliculas/Pods-Peliculas-frameworks.sh\"\n";
			showEnvVarsInLog = 0;
		};
		22EC84B811F5BF7D3968089E /* [CP] Check Pods Manifest.lock */ = {
			isa = PBXShellScriptBuildPhase;
			buildActionMask = 2147483647;
			files = (
			);
			inputFileListPaths = (
			);
			inputPaths = (
				"${PODS_PODFILE_DIR_PATH}/Podfile.lock",
				"${PODS_ROOT}/Manifest.lock",
			);
			name = "[CP] Check Pods Manifest.lock";
			outputFileListPaths = (
			);
			outputPaths = (
				"$(DERIVED_FILE_DIR)/Pods-Peliculas-checkManifestLockResult.txt",
			);
			runOnlyForDeploymentPostprocessing = 0;
			shellPath = /bin/sh;
			shellScript = "diff \"${PODS_PODFILE_DIR_PATH}/Podfile.lock\" \"${PODS_ROOT}/Manifest.lock\" > /dev/null\nif [ $? != 0 ] ; then\n    # print error to STDERR\n    echo \"error: The sandbox is not in sync with the Podfile.lock. Run 'pod install' or update your CocoaPods installation.\" >&2\n    exit 1\nfi\n# This output is used by Xcode 'outputs' to avoid re-running this script phase.\necho \"SUCCESS\" > \"${SCRIPT_OUTPUT_FILE_0}\"\n";
			showEnvVarsInLog = 0;
		};
		2F164665CE9B96D3B7A4B6FF /* [CP] Check Pods Manifest.lock */ = {
			isa = PBXShellScriptBuildPhase;
			buildActionMask = 2147483647;
			files = (
			);
			inputFileListPaths = (
			);
			inputPaths = (
				"${PODS_PODFILE_DIR_PATH}/Podfile.lock",
				"${PODS_ROOT}/Manifest.lock",
			);
			name = "[CP] Check Pods Manifest.lock";
			outputFileListPaths = (
			);
			outputPaths = (
				"$(DERIVED_FILE_DIR)/Pods-Peliculas-PeliculasUITests-checkManifestLockResult.txt",
			);
			runOnlyForDeploymentPostprocessing = 0;
			shellPath = /bin/sh;
			shellScript = "diff \"${PODS_PODFILE_DIR_PATH}/Podfile.lock\" \"${PODS_ROOT}/Manifest.lock\" > /dev/null\nif [ $? != 0 ] ; then\n    # print error to STDERR\n    echo \"error: The sandbox is not in sync with the Podfile.lock. Run 'pod install' or update your CocoaPods installation.\" >&2\n    exit 1\nfi\n# This output is used by Xcode 'outputs' to avoid re-running this script phase.\necho \"SUCCESS\" > \"${SCRIPT_OUTPUT_FILE_0}\"\n";
			showEnvVarsInLog = 0;
		};
		4094B301004106557A7A2B26 /* [CP] Embed Pods Frameworks */ = {
			isa = PBXShellScriptBuildPhase;
			buildActionMask = 2147483647;
			files = (
			);
			inputFileListPaths = (
				"${PODS_ROOT}/Target Support Files/Pods-Peliculas-PeliculasUITests/Pods-Peliculas-PeliculasUITests-frameworks-${CONFIGURATION}-input-files.xcfilelist",
			);
			name = "[CP] Embed Pods Frameworks";
			outputFileListPaths = (
				"${PODS_ROOT}/Target Support Files/Pods-Peliculas-PeliculasUITests/Pods-Peliculas-PeliculasUITests-frameworks-${CONFIGURATION}-output-files.xcfilelist",
			);
			runOnlyForDeploymentPostprocessing = 0;
			shellPath = /bin/sh;
			shellScript = "\"${PODS_ROOT}/Target Support Files/Pods-Peliculas-PeliculasUITests/Pods-Peliculas-PeliculasUITests-frameworks.sh\"\n";
			showEnvVarsInLog = 0;
		};
		E07D49B50B7F5051B3FED641 /* [CP] Check Pods Manifest.lock */ = {
			isa = PBXShellScriptBuildPhase;
			buildActionMask = 2147483647;
			files = (
			);
			inputFileListPaths = (
			);
			inputPaths = (
				"${PODS_PODFILE_DIR_PATH}/Podfile.lock",
				"${PODS_ROOT}/Manifest.lock",
			);
			name = "[CP] Check Pods Manifest.lock";
			outputFileListPaths = (
			);
			outputPaths = (
				"$(DERIVED_FILE_DIR)/Pods-PeliculasTests-checkManifestLockResult.txt",
			);
			runOnlyForDeploymentPostprocessing = 0;
			shellPath = /bin/sh;
			shellScript = "diff \"${PODS_PODFILE_DIR_PATH}/Podfile.lock\" \"${PODS_ROOT}/Manifest.lock\" > /dev/null\nif [ $? != 0 ] ; then\n    # print error to STDERR\n    echo \"error: The sandbox is not in sync with the Podfile.lock. Run 'pod install' or update your CocoaPods installation.\" >&2\n    exit 1\nfi\n# This output is used by Xcode 'outputs' to avoid re-running this script phase.\necho \"SUCCESS\" > \"${SCRIPT_OUTPUT_FILE_0}\"\n";
			showEnvVarsInLog = 0;
		};
/* End PBXShellScriptBuildPhase section */

/* Begin PBXSourcesBuildPhase section */
		B139224E27791D3F00B14C3A /* Sources */ = {
			isa = PBXSourcesBuildPhase;
			buildActionMask = 2147483647;
			files = (
				B13922AC2779253400B14C3A /* ServiceError.swift in Sources */,
				B13922A2277922D200B14C3A /* MoviesListRouter.swift in Sources */,
				B13922C327798B5700B14C3A /* SplashPresenter.swift in Sources */,
				B139229427791F2600B14C3A /* MoviesListLocalDM.swift in Sources */,
				B139229C2779218100B14C3A /* MoviesListInterfaces.swift in Sources */,
				B139229A2779208400B14C3A /* MoviesListInteractor.swift in Sources */,
				B13922CD2779950900B14C3A /* SplashConstants.swift in Sources */,
				B13922B72779897200B14C3A /* SplashInterfaces.swift in Sources */,
				B139229627791F8800B14C3A /* MoviesListWireframe.swift in Sources */,
				B13922A72779239900B14C3A /* BaseViewController.swift in Sources */,
				B13922BD27798A0700B14C3A /* SplashRouter.swift in Sources */,
				B139229827791FE700B14C3A /* MoviesListPresenter.swift in Sources */,
				B139229227791ECA00B14C3A /* MoviesListExternalDM.swift in Sources */,
				B13922A9277923B600B14C3A /* RouterInterface.swift in Sources */,
				B13922B4277988F500B14C3A /* SplashExternalDM.swift in Sources */,
				B13922C027798AD100B14C3A /* SplashInteractor.swift in Sources */,
				B13922B2277988E600B14C3A /* SplashLocalDM.swift in Sources */,
				B13922BA277989CD00B14C3A /* SplashWireframe.swift in Sources */,
				B139225627791D3F00B14C3A /* AppDelegate.swift in Sources */,
				B139229F2779227C00B14C3A /* MoviesListViewController.swift in Sources */,
				B13922C927798BB300B14C3A /* SplashViewController.swift in Sources */,
			);
			runOnlyForDeploymentPostprocessing = 0;
		};
		B139226427791D3F00B14C3A /* Sources */ = {
			isa = PBXSourcesBuildPhase;
			buildActionMask = 2147483647;
			files = (
				B139226D27791D3F00B14C3A /* PeliculasTests.swift in Sources */,
			);
			runOnlyForDeploymentPostprocessing = 0;
		};
		B139226E27791D3F00B14C3A /* Sources */ = {
			isa = PBXSourcesBuildPhase;
			buildActionMask = 2147483647;
			files = (
				B139227727791D3F00B14C3A /* PeliculasUITests.swift in Sources */,
				B139227927791D3F00B14C3A /* PeliculasUITestsLaunchTests.swift in Sources */,
			);
			runOnlyForDeploymentPostprocessing = 0;
		};
/* End PBXSourcesBuildPhase section */

/* Begin PBXTargetDependency section */
		B139226A27791D3F00B14C3A /* PBXTargetDependency */ = {
			isa = PBXTargetDependency;
			target = B139225127791D3F00B14C3A /* Peliculas */;
			targetProxy = B139226927791D3F00B14C3A /* PBXContainerItemProxy */;
		};
		B139227427791D3F00B14C3A /* PBXTargetDependency */ = {
			isa = PBXTargetDependency;
			target = B139225127791D3F00B14C3A /* Peliculas */;
			targetProxy = B139227327791D3F00B14C3A /* PBXContainerItemProxy */;
		};
/* End PBXTargetDependency section */

/* Begin PBXVariantGroup section */
		B139226027791D3F00B14C3A /* LaunchScreen.storyboard */ = {
			isa = PBXVariantGroup;
			children = (
				B139226127791D3F00B14C3A /* Base */,
			);
			name = LaunchScreen.storyboard;
			sourceTree = "<group>";
		};
/* End PBXVariantGroup section */

/* Begin XCBuildConfiguration section */
		B139227A27791D3F00B14C3A /* Debug */ = {
			isa = XCBuildConfiguration;
			buildSettings = {
				ALWAYS_SEARCH_USER_PATHS = NO;
				CLANG_ANALYZER_NONNULL = YES;
				CLANG_ANALYZER_NUMBER_OBJECT_CONVERSION = YES_AGGRESSIVE;
				CLANG_CXX_LANGUAGE_STANDARD = "gnu++17";
				CLANG_CXX_LIBRARY = "libc++";
				CLANG_ENABLE_MODULES = YES;
				CLANG_ENABLE_OBJC_ARC = YES;
				CLANG_ENABLE_OBJC_WEAK = YES;
				CLANG_WARN_BLOCK_CAPTURE_AUTORELEASING = YES;
				CLANG_WARN_BOOL_CONVERSION = YES;
				CLANG_WARN_COMMA = YES;
				CLANG_WARN_CONSTANT_CONVERSION = YES;
				CLANG_WARN_DEPRECATED_OBJC_IMPLEMENTATIONS = YES;
				CLANG_WARN_DIRECT_OBJC_ISA_USAGE = YES_ERROR;
				CLANG_WARN_DOCUMENTATION_COMMENTS = YES;
				CLANG_WARN_EMPTY_BODY = YES;
				CLANG_WARN_ENUM_CONVERSION = YES;
				CLANG_WARN_INFINITE_RECURSION = YES;
				CLANG_WARN_INT_CONVERSION = YES;
				CLANG_WARN_NON_LITERAL_NULL_CONVERSION = YES;
				CLANG_WARN_OBJC_IMPLICIT_RETAIN_SELF = YES;
				CLANG_WARN_OBJC_LITERAL_CONVERSION = YES;
				CLANG_WARN_OBJC_ROOT_CLASS = YES_ERROR;
				CLANG_WARN_QUOTED_INCLUDE_IN_FRAMEWORK_HEADER = YES;
				CLANG_WARN_RANGE_LOOP_ANALYSIS = YES;
				CLANG_WARN_STRICT_PROTOTYPES = YES;
				CLANG_WARN_SUSPICIOUS_MOVE = YES;
				CLANG_WARN_UNGUARDED_AVAILABILITY = YES_AGGRESSIVE;
				CLANG_WARN_UNREACHABLE_CODE = YES;
				CLANG_WARN__DUPLICATE_METHOD_MATCH = YES;
				COPY_PHASE_STRIP = NO;
				DEBUG_INFORMATION_FORMAT = dwarf;
				ENABLE_STRICT_OBJC_MSGSEND = YES;
				ENABLE_TESTABILITY = YES;
				GCC_C_LANGUAGE_STANDARD = gnu11;
				GCC_DYNAMIC_NO_PIC = NO;
				GCC_NO_COMMON_BLOCKS = YES;
				GCC_OPTIMIZATION_LEVEL = 0;
				GCC_PREPROCESSOR_DEFINITIONS = (
					"DEBUG=1",
					"$(inherited)",
				);
				GCC_WARN_64_TO_32_BIT_CONVERSION = YES;
				GCC_WARN_ABOUT_RETURN_TYPE = YES_ERROR;
				GCC_WARN_UNDECLARED_SELECTOR = YES;
				GCC_WARN_UNINITIALIZED_AUTOS = YES_AGGRESSIVE;
				GCC_WARN_UNUSED_FUNCTION = YES;
				GCC_WARN_UNUSED_VARIABLE = YES;
				IPHONEOS_DEPLOYMENT_TARGET = 15.2;
				MTL_ENABLE_DEBUG_INFO = INCLUDE_SOURCE;
				MTL_FAST_MATH = YES;
				ONLY_ACTIVE_ARCH = YES;
				SDKROOT = iphoneos;
				SWIFT_ACTIVE_COMPILATION_CONDITIONS = DEBUG;
				SWIFT_OPTIMIZATION_LEVEL = "-Onone";
			};
			name = Debug;
		};
		B139227B27791D3F00B14C3A /* Release */ = {
			isa = XCBuildConfiguration;
			buildSettings = {
				ALWAYS_SEARCH_USER_PATHS = NO;
				CLANG_ANALYZER_NONNULL = YES;
				CLANG_ANALYZER_NUMBER_OBJECT_CONVERSION = YES_AGGRESSIVE;
				CLANG_CXX_LANGUAGE_STANDARD = "gnu++17";
				CLANG_CXX_LIBRARY = "libc++";
				CLANG_ENABLE_MODULES = YES;
				CLANG_ENABLE_OBJC_ARC = YES;
				CLANG_ENABLE_OBJC_WEAK = YES;
				CLANG_WARN_BLOCK_CAPTURE_AUTORELEASING = YES;
				CLANG_WARN_BOOL_CONVERSION = YES;
				CLANG_WARN_COMMA = YES;
				CLANG_WARN_CONSTANT_CONVERSION = YES;
				CLANG_WARN_DEPRECATED_OBJC_IMPLEMENTATIONS = YES;
				CLANG_WARN_DIRECT_OBJC_ISA_USAGE = YES_ERROR;
				CLANG_WARN_DOCUMENTATION_COMMENTS = YES;
				CLANG_WARN_EMPTY_BODY = YES;
				CLANG_WARN_ENUM_CONVERSION = YES;
				CLANG_WARN_INFINITE_RECURSION = YES;
				CLANG_WARN_INT_CONVERSION = YES;
				CLANG_WARN_NON_LITERAL_NULL_CONVERSION = YES;
				CLANG_WARN_OBJC_IMPLICIT_RETAIN_SELF = YES;
				CLANG_WARN_OBJC_LITERAL_CONVERSION = YES;
				CLANG_WARN_OBJC_ROOT_CLASS = YES_ERROR;
				CLANG_WARN_QUOTED_INCLUDE_IN_FRAMEWORK_HEADER = YES;
				CLANG_WARN_RANGE_LOOP_ANALYSIS = YES;
				CLANG_WARN_STRICT_PROTOTYPES = YES;
				CLANG_WARN_SUSPICIOUS_MOVE = YES;
				CLANG_WARN_UNGUARDED_AVAILABILITY = YES_AGGRESSIVE;
				CLANG_WARN_UNREACHABLE_CODE = YES;
				CLANG_WARN__DUPLICATE_METHOD_MATCH = YES;
				COPY_PHASE_STRIP = NO;
				DEBUG_INFORMATION_FORMAT = "dwarf-with-dsym";
				ENABLE_NS_ASSERTIONS = NO;
				ENABLE_STRICT_OBJC_MSGSEND = YES;
				GCC_C_LANGUAGE_STANDARD = gnu11;
				GCC_NO_COMMON_BLOCKS = YES;
				GCC_WARN_64_TO_32_BIT_CONVERSION = YES;
				GCC_WARN_ABOUT_RETURN_TYPE = YES_ERROR;
				GCC_WARN_UNDECLARED_SELECTOR = YES;
				GCC_WARN_UNINITIALIZED_AUTOS = YES_AGGRESSIVE;
				GCC_WARN_UNUSED_FUNCTION = YES;
				GCC_WARN_UNUSED_VARIABLE = YES;
				IPHONEOS_DEPLOYMENT_TARGET = 15.2;
				MTL_ENABLE_DEBUG_INFO = NO;
				MTL_FAST_MATH = YES;
				SDKROOT = iphoneos;
				SWIFT_COMPILATION_MODE = wholemodule;
				SWIFT_OPTIMIZATION_LEVEL = "-O";
				VALIDATE_PRODUCT = YES;
			};
			name = Release;
		};
		B139227D27791D3F00B14C3A /* Debug */ = {
			isa = XCBuildConfiguration;
			baseConfigurationReference = 57A30832B9C3DD7D1964BBA1 /* Pods-Peliculas.debug.xcconfig */;
			buildSettings = {
				ASSETCATALOG_COMPILER_APPICON_NAME = AppIcon;
				ASSETCATALOG_COMPILER_GLOBAL_ACCENT_COLOR_NAME = AccentColor;
				CODE_SIGN_STYLE = Automatic;
				CURRENT_PROJECT_VERSION = 1;
				GENERATE_INFOPLIST_FILE = YES;
				INFOPLIST_FILE = Peliculas/Info.plist;
				INFOPLIST_KEY_UIApplicationSupportsIndirectInputEvents = YES;
				INFOPLIST_KEY_UILaunchStoryboardName = LaunchScreen;
				INFOPLIST_KEY_UIMainStoryboardFile = LaunchScreen;
				INFOPLIST_KEY_UISupportedInterfaceOrientations_iPad = "UIInterfaceOrientationPortrait UIInterfaceOrientationPortraitUpsideDown UIInterfaceOrientationLandscapeLeft UIInterfaceOrientationLandscapeRight";
				INFOPLIST_KEY_UISupportedInterfaceOrientations_iPhone = "UIInterfaceOrientationPortrait UIInterfaceOrientationLandscapeLeft UIInterfaceOrientationLandscapeRight";
				LD_RUNPATH_SEARCH_PATHS = (
					"$(inherited)",
					"@executable_path/Frameworks",
				);
				MARKETING_VERSION = 1.0;
				PRODUCT_BUNDLE_IDENTIFIER = com.sara.Peliculas;
				PRODUCT_NAME = "$(TARGET_NAME)";
				SWIFT_EMIT_LOC_STRINGS = YES;
				SWIFT_VERSION = 5.0;
				TARGETED_DEVICE_FAMILY = "1,2";
			};
			name = Debug;
		};
		B139227E27791D3F00B14C3A /* Release */ = {
			isa = XCBuildConfiguration;
			baseConfigurationReference = ABCF444F38C97575852B8286 /* Pods-Peliculas.release.xcconfig */;
			buildSettings = {
				ASSETCATALOG_COMPILER_APPICON_NAME = AppIcon;
				ASSETCATALOG_COMPILER_GLOBAL_ACCENT_COLOR_NAME = AccentColor;
				CODE_SIGN_STYLE = Automatic;
				CURRENT_PROJECT_VERSION = 1;
				GENERATE_INFOPLIST_FILE = YES;
				INFOPLIST_FILE = Peliculas/Info.plist;
				INFOPLIST_KEY_UIApplicationSupportsIndirectInputEvents = YES;
				INFOPLIST_KEY_UILaunchStoryboardName = LaunchScreen;
				INFOPLIST_KEY_UIMainStoryboardFile = LaunchScreen;
				INFOPLIST_KEY_UISupportedInterfaceOrientations_iPad = "UIInterfaceOrientationPortrait UIInterfaceOrientationPortraitUpsideDown UIInterfaceOrientationLandscapeLeft UIInterfaceOrientationLandscapeRight";
				INFOPLIST_KEY_UISupportedInterfaceOrientations_iPhone = "UIInterfaceOrientationPortrait UIInterfaceOrientationLandscapeLeft UIInterfaceOrientationLandscapeRight";
				LD_RUNPATH_SEARCH_PATHS = (
					"$(inherited)",
					"@executable_path/Frameworks",
				);
				MARKETING_VERSION = 1.0;
				PRODUCT_BUNDLE_IDENTIFIER = com.sara.Peliculas;
				PRODUCT_NAME = "$(TARGET_NAME)";
				SWIFT_EMIT_LOC_STRINGS = YES;
				SWIFT_VERSION = 5.0;
				TARGETED_DEVICE_FAMILY = "1,2";
			};
			name = Release;
		};
		B139228027791D3F00B14C3A /* Debug */ = {
			isa = XCBuildConfiguration;
			baseConfigurationReference = A0CAE9E59EAC57E39979B910 /* Pods-PeliculasTests.debug.xcconfig */;
			buildSettings = {
				ALWAYS_EMBED_SWIFT_STANDARD_LIBRARIES = YES;
				BUNDLE_LOADER = "$(TEST_HOST)";
				CODE_SIGN_STYLE = Automatic;
				CURRENT_PROJECT_VERSION = 1;
				GENERATE_INFOPLIST_FILE = YES;
				IPHONEOS_DEPLOYMENT_TARGET = 15.2;
				MARKETING_VERSION = 1.0;
				PRODUCT_BUNDLE_IDENTIFIER = com.sara.PeliculasTests;
				PRODUCT_NAME = "$(TARGET_NAME)";
				SWIFT_EMIT_LOC_STRINGS = NO;
				SWIFT_VERSION = 5.0;
				TARGETED_DEVICE_FAMILY = "1,2";
				TEST_HOST = "$(BUILT_PRODUCTS_DIR)/Peliculas.app/Peliculas";
			};
			name = Debug;
		};
		B139228127791D3F00B14C3A /* Release */ = {
			isa = XCBuildConfiguration;
			baseConfigurationReference = 8C91BF9C59E29A6963209B89 /* Pods-PeliculasTests.release.xcconfig */;
			buildSettings = {
				ALWAYS_EMBED_SWIFT_STANDARD_LIBRARIES = YES;
				BUNDLE_LOADER = "$(TEST_HOST)";
				CODE_SIGN_STYLE = Automatic;
				CURRENT_PROJECT_VERSION = 1;
				GENERATE_INFOPLIST_FILE = YES;
				IPHONEOS_DEPLOYMENT_TARGET = 15.2;
				MARKETING_VERSION = 1.0;
				PRODUCT_BUNDLE_IDENTIFIER = com.sara.PeliculasTests;
				PRODUCT_NAME = "$(TARGET_NAME)";
				SWIFT_EMIT_LOC_STRINGS = NO;
				SWIFT_VERSION = 5.0;
				TARGETED_DEVICE_FAMILY = "1,2";
				TEST_HOST = "$(BUILT_PRODUCTS_DIR)/Peliculas.app/Peliculas";
			};
			name = Release;
		};
		B139228327791D3F00B14C3A /* Debug */ = {
			isa = XCBuildConfiguration;
			baseConfigurationReference = 5B3233649C395C5041C429F8 /* Pods-Peliculas-PeliculasUITests.debug.xcconfig */;
			buildSettings = {
				ALWAYS_EMBED_SWIFT_STANDARD_LIBRARIES = YES;
				CODE_SIGN_STYLE = Automatic;
				CURRENT_PROJECT_VERSION = 1;
				GENERATE_INFOPLIST_FILE = YES;
				MARKETING_VERSION = 1.0;
				PRODUCT_BUNDLE_IDENTIFIER = com.sara.PeliculasUITests;
				PRODUCT_NAME = "$(TARGET_NAME)";
				SWIFT_EMIT_LOC_STRINGS = NO;
				SWIFT_VERSION = 5.0;
				TARGETED_DEVICE_FAMILY = "1,2";
				TEST_TARGET_NAME = Peliculas;
			};
			name = Debug;
		};
		B139228427791D3F00B14C3A /* Release */ = {
			isa = XCBuildConfiguration;
			baseConfigurationReference = 3BF39780BD364C714B757A59 /* Pods-Peliculas-PeliculasUITests.release.xcconfig */;
			buildSettings = {
				ALWAYS_EMBED_SWIFT_STANDARD_LIBRARIES = YES;
				CODE_SIGN_STYLE = Automatic;
				CURRENT_PROJECT_VERSION = 1;
				GENERATE_INFOPLIST_FILE = YES;
				MARKETING_VERSION = 1.0;
				PRODUCT_BUNDLE_IDENTIFIER = com.sara.PeliculasUITests;
				PRODUCT_NAME = "$(TARGET_NAME)";
				SWIFT_EMIT_LOC_STRINGS = NO;
				SWIFT_VERSION = 5.0;
				TARGETED_DEVICE_FAMILY = "1,2";
				TEST_TARGET_NAME = Peliculas;
			};
			name = Release;
		};
/* End XCBuildConfiguration section */

/* Begin XCConfigurationList section */
		B139224D27791D3E00B14C3A /* Build configuration list for PBXProject "Peliculas" */ = {
			isa = XCConfigurationList;
			buildConfigurations = (
				B139227A27791D3F00B14C3A /* Debug */,
				B139227B27791D3F00B14C3A /* Release */,
			);
			defaultConfigurationIsVisible = 0;
			defaultConfigurationName = Release;
		};
		B139227C27791D3F00B14C3A /* Build configuration list for PBXNativeTarget "Peliculas" */ = {
			isa = XCConfigurationList;
			buildConfigurations = (
				B139227D27791D3F00B14C3A /* Debug */,
				B139227E27791D3F00B14C3A /* Release */,
			);
			defaultConfigurationIsVisible = 0;
			defaultConfigurationName = Release;
		};
		B139227F27791D3F00B14C3A /* Build configuration list for PBXNativeTarget "PeliculasTests" */ = {
			isa = XCConfigurationList;
			buildConfigurations = (
				B139228027791D3F00B14C3A /* Debug */,
				B139228127791D3F00B14C3A /* Release */,
			);
			defaultConfigurationIsVisible = 0;
			defaultConfigurationName = Release;
		};
		B139228227791D3F00B14C3A /* Build configuration list for PBXNativeTarget "PeliculasUITests" */ = {
			isa = XCConfigurationList;
			buildConfigurations = (
				B139228327791D3F00B14C3A /* Debug */,
				B139228427791D3F00B14C3A /* Release */,
			);
			defaultConfigurationIsVisible = 0;
			defaultConfigurationName = Release;
		};
/* End XCConfigurationList section */
	};
	rootObject = B139224A27791D3E00B14C3A /* Project object */;
}
